version = 1
revision = 2
requires-python = ">=3.13"

[[package]]
name = "redis"
version = "6.1.0"
source = { registry = "https://pypi.org/simple" }
sdist = { url = "https://files.pythonhosted.org/packages/a6/af/e875d57383653e5d9065df8552de1deb7576b4d3cf3af90cde2e79ff7f65/redis-6.1.0.tar.gz", hash = "sha256:c928e267ad69d3069af28a9823a07726edf72c7e37764f43dc0123f37928c075", size = 4629300, upload-time = "2025-05-13T12:16:57.538Z" }
wheels = [
    { url = "https://files.pythonhosted.org/packages/28/5f/cf36360f80ae233bd1836442f5127818cfcfc7b1846179b60b2e9a4c45c9/redis-6.1.0-py3-none-any.whl", hash = "sha256:3b72622f3d3a89df2a6041e82acd896b0e67d9f54e9bcd906d091d23ba5219f6", size = 273750, upload-time = "2025-05-13T12:16:55.661Z" },
]

[[package]]
name = "redis-pub-sub-sample"
version = "0.1.0"
source = { virtual = "." }
dependencies = [
    { name = "redis" },
]

[package.dev-dependencies]
dev = [
    { name = "ruff" },
    { name = "ty" },
]

[package.metadata]
requires-dist = [{ name = "redis", specifier = ">=6.1.0" }]

[package.metadata.requires-dev]
dev = [
    { name = "ruff", specifier = ">=0.11.11" },
    { name = "ty", specifier = ">=0.0.1a7" },
]

[[package]]
name = "ruff"
version = "0.11.11"
source = { registry = "https://pypi.org/simple" }
sdist = { url = "https://files.pythonhosted.org/packages/b2/53/ae4857030d59286924a8bdb30d213d6ff22d8f0957e738d0289990091dd8/ruff-0.11.11.tar.gz", hash = "sha256:7774173cc7c1980e6bf67569ebb7085989a78a103922fb83ef3dfe230cd0687d", size = 4186707, upload-time = "2025-05-22T19:19:34.363Z" }
wheels = [
    { url = "https://files.pythonhosted.org/packages/b1/14/f2326676197bab099e2a24473158c21656fbf6a207c65f596ae15acb32b9/ruff-0.11.11-py3-none-linux_armv6l.whl", hash = "sha256:9924e5ae54125ed8958a4f7de320dab7380f6e9fa3195e3dc3b137c6842a0092", size = 10229049, upload-time = "2025-05-22T19:18:45.516Z" },
    { url = "https://files.pythonhosted.org/packages/9a/f3/bff7c92dd66c959e711688b2e0768e486bbca46b2f35ac319bb6cce04447/ruff-0.11.11-py3-none-macosx_10_12_x86_64.whl", hash = "sha256:c8a93276393d91e952f790148eb226658dd275cddfde96c6ca304873f11d2ae4", size = 11053601, upload-time = "2025-05-22T19:18:49.269Z" },
    { url = "https://files.pythonhosted.org/packages/e2/38/8e1a3efd0ef9d8259346f986b77de0f62c7a5ff4a76563b6b39b68f793b9/ruff-0.11.11-py3-none-macosx_11_0_arm64.whl", hash = "sha256:d6e333dbe2e6ae84cdedefa943dfd6434753ad321764fd937eef9d6b62022bcd", size = 10367421, upload-time = "2025-05-22T19:18:51.754Z" },
    { url = "https://files.pythonhosted.org/packages/b4/50/557ad9dd4fb9d0bf524ec83a090a3932d284d1a8b48b5906b13b72800e5f/ruff-0.11.11-py3-none-manylinux_2_17_aarch64.manylinux2014_aarch64.whl", hash = "sha256:7885d9a5e4c77b24e8c88aba8c80be9255fa22ab326019dac2356cff42089fc6", size = 10581980, upload-time = "2025-05-22T19:18:54.011Z" },
    { url = "https://files.pythonhosted.org/packages/c4/b2/e2ed82d6e2739ece94f1bdbbd1d81b712d3cdaf69f0a1d1f1a116b33f9ad/ruff-0.11.11-py3-none-manylinux_2_17_armv7l.manylinux2014_armv7l.whl", hash = "sha256:1b5ab797fcc09121ed82e9b12b6f27e34859e4227080a42d090881be888755d4", size = 10089241, upload-time = "2025-05-22T19:18:56.041Z" },
    { url = "https://files.pythonhosted.org/packages/3d/9f/b4539f037a5302c450d7c695c82f80e98e48d0d667ecc250e6bdeb49b5c3/ruff-0.11.11-py3-none-manylinux_2_17_i686.manylinux2014_i686.whl", hash = "sha256:e231ff3132c1119ece836487a02785f099a43992b95c2f62847d29bace3c75ac", size = 11699398, upload-time = "2025-05-22T19:18:58.248Z" },
    { url = "https://files.pythonhosted.org/packages/61/fb/32e029d2c0b17df65e6eaa5ce7aea5fbeaed22dddd9fcfbbf5fe37c6e44e/ruff-0.11.11-py3-none-manylinux_2_17_ppc64.manylinux2014_ppc64.whl", hash = "sha256:a97c9babe1d4081037a90289986925726b802d180cca784ac8da2bbbc335f709", size = 12427955, upload-time = "2025-05-22T19:19:00.981Z" },
    { url = "https://files.pythonhosted.org/packages/6e/e3/160488dbb11f18c8121cfd588e38095ba779ae208292765972f7732bfd95/ruff-0.11.11-py3-none-manylinux_2_17_ppc64le.manylinux2014_ppc64le.whl", hash = "sha256:d8c4ddcbe8a19f59f57fd814b8b117d4fcea9bee7c0492e6cf5fdc22cfa563c8", size = 12069803, upload-time = "2025-05-22T19:19:03.258Z" },
    { url = "https://files.pythonhosted.org/packages/ff/16/3b006a875f84b3d0bff24bef26b8b3591454903f6f754b3f0a318589dcc3/ruff-0.11.11-py3-none-manylinux_2_17_s390x.manylinux2014_s390x.whl", hash = "sha256:6224076c344a7694c6fbbb70d4f2a7b730f6d47d2a9dc1e7f9d9bb583faf390b", size = 11242630, upload-time = "2025-05-22T19:19:05.871Z" },
    { url = "https://files.pythonhosted.org/packages/65/0d/0338bb8ac0b97175c2d533e9c8cdc127166de7eb16d028a43c5ab9e75abd/ruff-0.11.11-py3-none-manylinux_2_17_x86_64.manylinux2014_x86_64.whl", hash = "sha256:882821fcdf7ae8db7a951df1903d9cb032bbe838852e5fc3c2b6c3ab54e39875", size = 11507310, upload-time = "2025-05-22T19:19:08.584Z" },
    { url = "https://files.pythonhosted.org/packages/6f/bf/d7130eb26174ce9b02348b9f86d5874eafbf9f68e5152e15e8e0a392e4a3/ruff-0.11.11-py3-none-musllinux_1_2_aarch64.whl", hash = "sha256:dcec2d50756463d9df075a26a85a6affbc1b0148873da3997286caf1ce03cae1", size = 10441144, upload-time = "2025-05-22T19:19:13.621Z" },
    { url = "https://files.pythonhosted.org/packages/b3/f3/4be2453b258c092ff7b1761987cf0749e70ca1340cd1bfb4def08a70e8d8/ruff-0.11.11-py3-none-musllinux_1_2_armv7l.whl", hash = "sha256:99c28505ecbaeb6594701a74e395b187ee083ee26478c1a795d35084d53ebd81", size = 10081987, upload-time = "2025-05-22T19:19:15.821Z" },
    { url = "https://files.pythonhosted.org/packages/6c/6e/dfa4d2030c5b5c13db158219f2ec67bf333e8a7748dccf34cfa2a6ab9ebc/ruff-0.11.11-py3-none-musllinux_1_2_i686.whl", hash = "sha256:9263f9e5aa4ff1dec765e99810f1cc53f0c868c5329b69f13845f699fe74f639", size = 11073922, upload-time = "2025-05-22T19:19:18.104Z" },
    { url = "https://files.pythonhosted.org/packages/ff/f4/f7b0b0c3d32b593a20ed8010fa2c1a01f2ce91e79dda6119fcc51d26c67b/ruff-0.11.11-py3-none-musllinux_1_2_x86_64.whl", hash = "sha256:64ac6f885e3ecb2fdbb71de2701d4e34526651f1e8503af8fb30d4915a3fe345", size = 11568537, upload-time = "2025-05-22T19:19:20.889Z" },
    { url = "https://files.pythonhosted.org/packages/d2/46/0e892064d0adc18bcc81deed9aaa9942a27fd2cd9b1b7791111ce468c25f/ruff-0.11.11-py3-none-win32.whl", hash = "sha256:1adcb9a18802268aaa891ffb67b1c94cd70578f126637118e8099b8e4adcf112", size = 10536492, upload-time = "2025-05-22T19:19:23.642Z" },
    { url = "https://files.pythonhosted.org/packages/1b/d9/232e79459850b9f327e9f1dc9c047a2a38a6f9689e1ec30024841fc4416c/ruff-0.11.11-py3-none-win_amd64.whl", hash = "sha256:748b4bb245f11e91a04a4ff0f96e386711df0a30412b9fe0c74d5bdc0e4a531f", size = 11612562, upload-time = "2025-05-22T19:19:27.013Z" },
    { url = "https://files.pythonhosted.org/packages/ce/eb/09c132cff3cc30b2e7244191dcce69437352d6d6709c0adf374f3e6f476e/ruff-0.11.11-py3-none-win_arm64.whl", hash = "sha256:6c51f136c0364ab1b774767aa8b86331bd8e9d414e2d107db7a2189f35ea1f7b", size = 10735951, upload-time = "2025-05-22T19:19:30.043Z" },
]

[[package]]
name = "ty"
version = "0.0.1a7"
source = { registry = "https://pypi.org/simple" }
sdist = { url = "https://files.pythonhosted.org/packages/c4/c1/7d47b8b385bc5b43e3b3ec33305643b01e7e5dc061d9a9a2921d100d5ce5/ty-0.0.1a7.tar.gz", hash = "sha256:826945b5259d36276b5ac743d9ce660a97488fc87f9fe9679f9bf7084521c01f", size = 2909489, upload-time = "2025-05-26T18:52:23.927Z" }
wheels = [
    { url = "https://files.pythonhosted.org/packages/e2/50/e8946b957e0317674fff40470e3b4bf57ff5bf37359e75ac3e0f17c89870/ty-0.0.1a7-py3-none-linux_armv6l.whl", hash = "sha256:f9d825914fa6cfe124b1c9c104cd2f69b186919a4fc41d1b04caaf84f9c805b7", size = 6209330, upload-time = "2025-05-26T18:51:50.318Z" },
    { url = "https://files.pythonhosted.org/packages/b3/23/f95ecc00e714ab24ff3db1c4b97e2a40a3512db6b08be12efe2974b92951/ty-0.0.1a7-py3-none-macosx_10_12_x86_64.whl", hash = "sha256:7f72619d6a1c2fd643d58f134fb490182a215307d58cf78ad6b119bace16bf31", size = 6328658, upload-time = "2025-05-26T18:51:52.147Z" },
    { url = "https://files.pythonhosted.org/packages/f1/5c/2197b709ae6157820f2285a304a75577f406768fdc9ed2c609895c0762e1/ty-0.0.1a7-py3-none-macosx_11_0_arm64.whl", hash = "sha256:5802e366963b1d39425cdb4a9246ad66cf9400b1eefa9250c45461bcf8606eb0", size = 5993507, upload-time = "2025-05-26T18:51:53.623Z" },
    { url = "https://files.pythonhosted.org/packages/a2/c4/e8c2aba56a00d387d95b1acffaa2bc1d68044530d98cf705da743efa349a/ty-0.0.1a7-py3-none-manylinux_2_17_aarch64.manylinux2014_aarch64.whl", hash = "sha256:b19954624f6f8c6981ed082a7ce6050ea1842cc3c3fb232cbc38b4148e83d740", size = 6123469, upload-time = "2025-05-26T18:51:55.514Z" },
    { url = "https://files.pythonhosted.org/packages/08/cc/31daab25e93ca9341d69c6171d2190e69057f2c809e03c4034ee02798664/ty-0.0.1a7-py3-none-manylinux_2_17_armv7l.manylinux2014_armv7l.whl", hash = "sha256:15798a8feb68401cc323083a54680d8af1a5988578258c2eba33859351eb5c50", size = 6093963, upload-time = "2025-05-26T18:51:57.037Z" },
    { url = "https://files.pythonhosted.org/packages/cd/33/766c73bde1125aa454c2f0c6f9f29ae058fc74d44c6b1322dd2d71da9bb3/ty-0.0.1a7-py3-none-manylinux_2_17_i686.manylinux2014_i686.whl", hash = "sha256:38674b4c216bce14df142069e9eff093ad6adc474c96cc2313f80965e1d71d0c", size = 6787657, upload-time = "2025-05-26T18:51:58.584Z" },
    { url = "https://files.pythonhosted.org/packages/1f/e2/67b379bc8f55b20e791807e9f867268fe1b4e632b1a01c3b0971bf913479/ty-0.0.1a7-py3-none-manylinux_2_17_ppc64.manylinux2014_ppc64.whl", hash = "sha256:4711bad6e84170580d264ae8f31f00faab6e45dc38ddebbfeb5b82338488c84b", size = 7214322, upload-time = "2025-05-26T18:52:00.584Z" },
    { url = "https://files.pythonhosted.org/packages/0c/49/aaf090c5c066c63ea68dbf8342606eea4e443e05a0cda1fdf04296733dda/ty-0.0.1a7-py3-none-manylinux_2_17_ppc64le.manylinux2014_ppc64le.whl", hash = "sha256:1805fd176c623e2c5beddc43fc5b357b653673a4a29bf0b30fd1d1e399ce8c0d", size = 6892732, upload-time = "2025-05-26T18:52:02.664Z" },
    { url = "https://files.pythonhosted.org/packages/6c/5e/1b9b522e12c2ac08a7ff3de49313860c390009a93bca094e45b996ecce8c/ty-0.0.1a7-py3-none-manylinux_2_17_s390x.manylinux2014_s390x.whl", hash = "sha256:86ef9b9a42d3ad386b7d585e3b3f22b506d550407a35e424dadb24c60630de8e", size = 6781645, upload-time = "2025-05-26T18:52:04.207Z" },
    { url = "https://files.pythonhosted.org/packages/46/f1/d6f2d3ffcbce96a1bc6aaacd79f23c478e0b86d4f16d85b35c90ceed48ed/ty-0.0.1a7-py3-none-manylinux_2_17_x86_64.manylinux2014_x86_64.whl", hash = "sha256:6239ae28d34796ce54b8ffa9c971399170d41039bc7a692b9ccc1ca43210b25d", size = 6605269, upload-time = "2025-05-26T18:52:06.145Z" },
    { url = "https://files.pythonhosted.org/packages/35/a0/6ff5247b8c316ac1d63be0922549b17dcaccecc22b23c37db281aaef8adb/ty-0.0.1a7-py3-none-musllinux_1_2_aarch64.whl", hash = "sha256:2e0ba8a1187e413c7e536a5dadd340a4cd273b2ac3bbe3a2c76dbcbc5c28acfb", size = 6046599, upload-time = "2025-05-26T18:52:07.634Z" },
    { url = "https://files.pythonhosted.org/packages/e7/a6/5a196598c0a25fb4b8705ed09baf8adf60221f39544b1941084b0580368c/ty-0.0.1a7-py3-none-musllinux_1_2_armv7l.whl", hash = "sha256:acf6a8aa797a1578d74b453190076f07192a1e5ca72cfe42b1b63a2904a1ecd4", size = 6115961, upload-time = "2025-05-26T18:52:09.638Z" },
    { url = "https://files.pythonhosted.org/packages/ca/02/5f74d8dd9f6367419393fc55fbb2929a183a582ac1e82df1dd021c30700a/ty-0.0.1a7-py3-none-musllinux_1_2_i686.whl", hash = "sha256:069a89f2a51c2ee8797c6ce0d7d16ced0045bcc558ad335948fa6d2787c10292", size = 6492053, upload-time = "2025-05-26T18:52:11.19Z" },
    { url = "https://files.pythonhosted.org/packages/77/34/1c31eebe1c54a33802b1b4ba485805f0d04e42fab6ac97a68b63c9e1febd/ty-0.0.1a7-py3-none-musllinux_1_2_x86_64.whl", hash = "sha256:b406a7f83757e027937a1b6b2fa02e53ba8ce587cbb37fb527a508251a3ce9f0", size = 6665996, upload-time = "2025-05-26T18:52:12.936Z" },
    { url = "https://files.pythonhosted.org/packages/61/36/cf0075f7de2bd3c9821ac54b749c91f5f3f181326cdab88a8c6a095340a8/ty-0.0.1a7-py3-none-win32.whl", hash = "sha256:02f9e82bc3180ca6d72cca780ac5909b97753cfb1d4abfb0e6fd8cf2190dd2c5", size = 5924237, upload-time = "2025-05-26T18:52:15.989Z" },
    { url = "https://files.pythonhosted.org/packages/2c/49/02aec0611f6967087d562a87ffc218b8f9c8c9bba205a67a24d142e8c9e0/ty-0.0.1a7-py3-none-win_amd64.whl", hash = "sha256:b6cea4d80b4cbdfa21c04b4e2bcbe964dcd781462165d3c06b84781b046a163f", size = 6407997, upload-time = "2025-05-26T18:52:19.018Z" },
    { url = "https://files.pythonhosted.org/packages/4a/94/e048fd4d5bd3f9518dcbc07e83b06a286512db310df17262af8adc32a29d/ty-0.0.1a7-py3-none-win_arm64.whl", hash = "sha256:b5a40b77f91bf86d4a2d6740e2ba1b09ae70e94d152074a7a6bc80aafe83bb06", size = 6061856, upload-time = "2025-05-26T18:52:21.786Z" },
]
